{
  "nodes": {
    "bryce-mmrs-py": {
      "flake": false,
      "locked": {
        "lastModified": 1732639710,
        "narHash": "sha256-rgWSlJa4G7ZR8gfu0wu7C5XDmamIM9S8LJb0qSE4TbU=",
        "owner": "robinbryce",
        "repo": "draft-bryce-cose-merkle-mountain-range-proofs",
        "rev": "c8c691d18dde39509e68a5a9cdc9eba18ea1062a",
        "type": "github"
      },
      "original": {
        "owner": "robinbryce",
        "repo": "draft-bryce-cose-merkle-mountain-range-proofs",
        "type": "github"
      }
    },
    "contracts": {
      "inputs": {
        "ds-test": "ds-test",
        "flake-parts": "flake-parts",
        "flake-root": "flake-root",
        "forge-std": "forge-std",
        "foundry": "foundry",
        "nixpkgs": "nixpkgs",
        "permit2": "permit2",
        "pre-commit-hooks": "pre-commit-hooks",
        "process-compose-flake": "process-compose-flake",
        "services-flake": "services-flake",
        "solady": "solady",
        "systems": "systems"
      },
      "locked": {
        "lastModified": 1741370265,
        "narHash": "sha256-i0AUFvK0Y/1Nmz0wqY0x8tBvvHDjqd84JSiHO9EucsI=",
        "owner": "masslbs",
        "repo": "contracts",
        "rev": "2e7fd67bb99c0448b42a90e364c744799572437a",
        "type": "github"
      },
      "original": {
        "owner": "masslbs",
        "repo": "contracts",
        "type": "github"
      }
    },
    "contracts_2": {
      "inputs": {
        "ds-test": "ds-test_2",
        "flake-parts": "flake-parts_3",
        "forge-std": "forge-std_2",
        "foundry": "foundry_2",
        "nixpkgs": "nixpkgs_3",
        "permit2": "permit2_2",
        "solady": "solady_2"
      },
      "locked": {
        "lastModified": 1721054630,
        "narHash": "sha256-Y2OmwveClraHnhzCJ41C3k+/GdxR/awJ2Lt7OKoP+cc=",
        "owner": "masslbs",
        "repo": "contracts",
        "rev": "127cb6df298a3bfe093b75e80e46a3baaa1a8db1",
        "type": "github"
      },
      "original": {
        "owner": "masslbs",
        "repo": "contracts",
        "type": "github"
      }
    },
    "ds-test": {
      "flake": false,
      "locked": {
        "lastModified": 1677883973,
        "narHash": "sha256-wXtNq4ZUohndNGs9VttOI9m9VW5QlVKOPtR8+mv2fBM=",
        "owner": "dapphub",
        "repo": "ds-test",
        "rev": "e282159d5170298eb2455a6c05280ab5a73a4ef0",
        "type": "github"
      },
      "original": {
        "owner": "dapphub",
        "repo": "ds-test",
        "type": "github"
      }
    },
    "ds-test_2": {
      "flake": false,
      "locked": {
        "lastModified": 1677883973,
        "narHash": "sha256-wXtNq4ZUohndNGs9VttOI9m9VW5QlVKOPtR8+mv2fBM=",
        "owner": "dapphub",
        "repo": "ds-test",
        "rev": "e282159d5170298eb2455a6c05280ab5a73a4ef0",
        "type": "github"
      },
      "original": {
        "owner": "dapphub",
        "repo": "ds-test",
        "type": "github"
      }
    },
    "flake-compat": {
      "flake": false,
      "locked": {
        "lastModified": 1696426674,
        "narHash": "sha256-kvjfFW7WAETZlt09AgDn1MrtKzP7t90Vf7vypd3OL1U=",
        "owner": "edolstra",
        "repo": "flake-compat",
        "rev": "0f9255e01c2351cc7d116c072cb317785dd33b33",
        "type": "github"
      },
      "original": {
        "owner": "edolstra",
        "repo": "flake-compat",
        "type": "github"
      }
    },
    "flake-compat_2": {
      "flake": false,
      "locked": {
        "lastModified": 1696426674,
        "narHash": "sha256-kvjfFW7WAETZlt09AgDn1MrtKzP7t90Vf7vypd3OL1U=",
        "owner": "edolstra",
        "repo": "flake-compat",
        "rev": "0f9255e01c2351cc7d116c072cb317785dd33b33",
        "type": "github"
      },
      "original": {
        "owner": "edolstra",
        "repo": "flake-compat",
        "type": "github"
      }
    },
    "flake-compat_3": {
      "flake": false,
      "locked": {
        "lastModified": 1696426674,
        "narHash": "sha256-kvjfFW7WAETZlt09AgDn1MrtKzP7t90Vf7vypd3OL1U=",
        "owner": "edolstra",
        "repo": "flake-compat",
        "rev": "0f9255e01c2351cc7d116c072cb317785dd33b33",
        "type": "github"
      },
      "original": {
        "owner": "edolstra",
        "repo": "flake-compat",
        "type": "github"
      }
    },
    "flake-parts": {
      "inputs": {
        "nixpkgs-lib": "nixpkgs-lib"
      },
      "locked": {
        "lastModified": 1730504689,
        "narHash": "sha256-hgmguH29K2fvs9szpq2r3pz2/8cJd2LPS+b4tfNFCwE=",
        "owner": "hercules-ci",
        "repo": "flake-parts",
        "rev": "506278e768c2a08bec68eb62932193e341f55c90",
        "type": "github"
      },
      "original": {
        "owner": "hercules-ci",
        "repo": "flake-parts",
        "type": "github"
      }
    },
    "flake-parts_2": {
      "inputs": {
        "nixpkgs-lib": "nixpkgs-lib_2"
      },
      "locked": {
        "lastModified": 1740872218,
        "narHash": "sha256-ZaMw0pdoUKigLpv9HiNDH2Pjnosg7NBYMJlHTIsHEUo=",
        "owner": "hercules-ci",
        "repo": "flake-parts",
        "rev": "3876f6b87db82f33775b1ef5ea343986105db764",
        "type": "github"
      },
      "original": {
        "owner": "hercules-ci",
        "repo": "flake-parts",
        "type": "github"
      }
    },
    "flake-parts_3": {
      "inputs": {
        "nixpkgs-lib": "nixpkgs-lib_3"
      },
      "locked": {
        "lastModified": 1719994518,
        "narHash": "sha256-pQMhCCHyQGRzdfAkdJ4cIWiw+JNuWsTX7f0ZYSyz0VY=",
        "owner": "hercules-ci",
        "repo": "flake-parts",
        "rev": "9227223f6d922fee3c7b190b2cc238a99527bbb7",
        "type": "github"
      },
      "original": {
        "owner": "hercules-ci",
        "repo": "flake-parts",
        "type": "github"
      }
    },
    "flake-root": {
      "locked": {
        "lastModified": 1723604017,
        "narHash": "sha256-rBtQ8gg+Dn4Sx/s+pvjdq3CB2wQNzx9XGFq/JVGCB6k=",
        "owner": "srid",
        "repo": "flake-root",
        "rev": "b759a56851e10cb13f6b8e5698af7b59c44be26e",
        "type": "github"
      },
      "original": {
        "owner": "srid",
        "repo": "flake-root",
        "type": "github"
      }
    },
    "flake-utils": {
      "locked": {
        "lastModified": 1644229661,
        "narHash": "sha256-1YdnJAsNy69bpcjuoKdOYQX0YxZBiCYZo4Twxerqv7k=",
        "owner": "numtide",
        "repo": "flake-utils",
        "rev": "3cecb5b042f7f209c56ffd8371b2711a290ec797",
        "type": "github"
      },
      "original": {
        "owner": "numtide",
        "repo": "flake-utils",
        "type": "github"
      }
    },
    "flake-utils_2": {
      "locked": {
        "lastModified": 1644229661,
        "narHash": "sha256-1YdnJAsNy69bpcjuoKdOYQX0YxZBiCYZo4Twxerqv7k=",
        "owner": "numtide",
        "repo": "flake-utils",
        "rev": "3cecb5b042f7f209c56ffd8371b2711a290ec797",
        "type": "github"
      },
      "original": {
        "owner": "numtide",
        "repo": "flake-utils",
        "type": "github"
      }
    },
    "flake-utils_3": {
      "inputs": {
        "systems": "systems_2"
      },
      "locked": {
        "lastModified": 1731533236,
        "narHash": "sha256-l0KFg5HjrsfsO/JpG+r7fRrqm12kzFHyUHqHCVpMMbI=",
        "owner": "numtide",
        "repo": "flake-utils",
        "rev": "11707dc2f618dd54ca8739b309ec4fc024de578b",
        "type": "github"
      },
      "original": {
        "owner": "numtide",
        "repo": "flake-utils",
        "type": "github"
      }
    },
    "flake-utils_4": {
      "inputs": {
        "systems": "systems_3"
      },
      "locked": {
        "lastModified": 1731533236,
        "narHash": "sha256-l0KFg5HjrsfsO/JpG+r7fRrqm12kzFHyUHqHCVpMMbI=",
        "owner": "numtide",
        "repo": "flake-utils",
        "rev": "11707dc2f618dd54ca8739b309ec4fc024de578b",
        "type": "github"
      },
      "original": {
        "owner": "numtide",
        "repo": "flake-utils",
        "type": "github"
      }
    },
    "forge-std": {
      "flake": false,
      "locked": {
        "lastModified": 1731054017,
        "narHash": "sha256-M8fZ7N6F1wvd4JPW1yEHtY84wDOb/+wB+U38KyYpP+A=",
        "owner": "foundry-rs",
        "repo": "forge-std",
        "rev": "0e7097750918380d84dd3cfdef595bee74dabb70",
        "type": "github"
      },
      "original": {
        "owner": "foundry-rs",
        "repo": "forge-std",
        "type": "github"
      }
    },
    "forge-std_2": {
      "flake": false,
      "locked": {
        "lastModified": 1719933520,
        "narHash": "sha256-/7mWiZWRNpK64UvHAXBJVAPrzlxsDRiYKKaorm5rH2Q=",
        "owner": "foundry-rs",
        "repo": "forge-std",
        "rev": "07263d193d621c4b2b0ce8b4d54af58f6957d97d",
        "type": "github"
      },
      "original": {
        "owner": "foundry-rs",
        "repo": "forge-std",
        "type": "github"
      }
    },
    "foundry": {
      "inputs": {
        "flake-utils": "flake-utils",
        "nixpkgs": [
          "contracts",
          "nixpkgs"
        ]
      },
      "locked": {
        "lastModified": 1730625090,
        "narHash": "sha256-lWfkkj+GEUM0UqYLD2Rx3zzILTL3xdmGJKGR4fwONpA=",
        "owner": "shazow",
        "repo": "foundry.nix",
        "rev": "1c6a742bcbfd55a80de0e1f967a60174716a1560",
        "type": "github"
      },
      "original": {
        "owner": "shazow",
        "ref": "monthly",
        "repo": "foundry.nix",
        "type": "github"
      }
    },
    "foundry_2": {
      "inputs": {
        "flake-utils": "flake-utils_2",
        "nixpkgs": [
          "relay",
          "contracts",
          "nixpkgs"
        ]
      },
      "locked": {
        "lastModified": 1719997877,
        "narHash": "sha256-/Edw+w0PiGgxwnCeJycM0VgH4HtlCi91v1d8xbi+REE=",
        "owner": "shazow",
        "repo": "foundry.nix",
        "rev": "02febba4f1cf0606d790acdb24adcf7a64afb4e1",
        "type": "github"
      },
      "original": {
        "owner": "shazow",
        "ref": "monthly",
        "repo": "foundry.nix",
        "type": "github"
      }
    },
    "gitignore": {
      "inputs": {
        "nixpkgs": [
          "contracts",
          "pre-commit-hooks",
          "nixpkgs"
        ]
      },
      "locked": {
        "lastModified": 1709087332,
        "narHash": "sha256-HG2cCnktfHsKV0s4XW83gU3F57gaTljL9KNSuG6bnQs=",
        "owner": "hercules-ci",
        "repo": "gitignore.nix",
        "rev": "637db329424fd7e46cf4185293b9cc8c88c95394",
        "type": "github"
      },
      "original": {
        "owner": "hercules-ci",
        "repo": "gitignore.nix",
        "type": "github"
      }
    },
    "gitignore_2": {
      "inputs": {
        "nixpkgs": [
          "pre-commit-hooks",
          "nixpkgs"
        ]
      },
      "locked": {
        "lastModified": 1709087332,
        "narHash": "sha256-HG2cCnktfHsKV0s4XW83gU3F57gaTljL9KNSuG6bnQs=",
        "owner": "hercules-ci",
        "repo": "gitignore.nix",
        "rev": "637db329424fd7e46cf4185293b9cc8c88c95394",
        "type": "github"
      },
      "original": {
        "owner": "hercules-ci",
        "repo": "gitignore.nix",
        "type": "github"
      }
    },
    "gitignore_3": {
      "inputs": {
        "nixpkgs": [
          "relay",
          "pre-commit-hooks",
          "nixpkgs"
        ]
      },
      "locked": {
        "lastModified": 1709087332,
        "narHash": "sha256-HG2cCnktfHsKV0s4XW83gU3F57gaTljL9KNSuG6bnQs=",
        "owner": "hercules-ci",
        "repo": "gitignore.nix",
        "rev": "637db329424fd7e46cf4185293b9cc8c88c95394",
        "type": "github"
      },
      "original": {
        "owner": "hercules-ci",
        "repo": "gitignore.nix",
        "type": "github"
      }
    },
    "gomod2nix": {
      "inputs": {
        "flake-utils": "flake-utils_4",
        "nixpkgs": [
          "schema",
          "nixpkgs"
        ]
      },
      "locked": {
        "lastModified": 1733764984,
        "narHash": "sha256-4pHRrZ6bvk4+2XrM4MNaqkcoO+DecjZtFoJcJm9Fab0=",
        "owner": "obreitwi",
        "repo": "gomod2nix",
        "rev": "9048c4bd5c1c1a48f55760d920617cc3ce6c685b",
        "type": "github"
      },
      "original": {
        "owner": "obreitwi",
        "ref": "fix/go_mod_vendor",
        "repo": "gomod2nix",
        "type": "github"
      }
    },
    "nixpkgs": {
      "locked": {
        "lastModified": 1741196730,
        "narHash": "sha256-0Sj6ZKjCpQMfWnN0NURqRCQn2ob7YtXTAOTwCuz7fkA=",
        "owner": "nixos",
        "repo": "nixpkgs",
        "rev": "48913d8f9127ea6530a2a2f1bd4daa1b8685d8a3",
        "type": "github"
      },
      "original": {
        "owner": "nixos",
        "ref": "nixos-24.11",
        "repo": "nixpkgs",
        "type": "github"
      }
    },
    "nixpkgs-lib": {
      "locked": {
        "lastModified": 1730504152,
        "narHash": "sha256-lXvH/vOfb4aGYyvFmZK/HlsNsr/0CVWlwYvo2rxJk3s=",
        "type": "tarball",
        "url": "https://github.com/NixOS/nixpkgs/archive/cc2f28000298e1269cea6612cd06ec9979dd5d7f.tar.gz"
      },
      "original": {
        "type": "tarball",
        "url": "https://github.com/NixOS/nixpkgs/archive/cc2f28000298e1269cea6612cd06ec9979dd5d7f.tar.gz"
      }
    },
    "nixpkgs-lib_2": {
      "locked": {
        "lastModified": 1740872140,
        "narHash": "sha256-3wHafybyRfpUCLoE8M+uPVZinImg3xX+Nm6gEfN3G8I=",
        "type": "tarball",
        "url": "https://github.com/NixOS/nixpkgs/archive/6d3702243441165a03f699f64416f635220f4f15.tar.gz"
      },
      "original": {
        "type": "tarball",
        "url": "https://github.com/NixOS/nixpkgs/archive/6d3702243441165a03f699f64416f635220f4f15.tar.gz"
      }
    },
    "nixpkgs-lib_3": {
      "locked": {
        "lastModified": 1719876945,
        "narHash": "sha256-Fm2rDDs86sHy0/1jxTOKB1118Q0O3Uc7EC0iXvXKpbI=",
        "type": "tarball",
        "url": "https://github.com/NixOS/nixpkgs/archive/5daf0514482af3f97abaefc78a6606365c9108e2.tar.gz"
      },
      "original": {
        "type": "tarball",
        "url": "https://github.com/NixOS/nixpkgs/archive/5daf0514482af3f97abaefc78a6606365c9108e2.tar.gz"
      }
    },
    "nixpkgs_2": {
      "locked": {
        "lastModified": 0,
        "narHash": "sha256-cjbHI+zUzK5CPsQZqMhE3npTyYFt9tJ3+ohcfaOF/WM=",
        "path": "/nix/store/7g9h6nlrx5h1lwqy4ghxvbhb7imm3vcb-source",
        "type": "path"
      },
      "original": {
        "id": "nixpkgs",
        "type": "indirect"
      }
    },
    "nixpkgs_3": {
      "locked": {
        "lastModified": 1720954236,
        "narHash": "sha256-1mEKHp4m9brvfQ0rjCca8P1WHpymK3TOr3v34ydv9bs=",
        "owner": "nixos",
        "repo": "nixpkgs",
        "rev": "53e81e790209e41f0c1efa9ff26ff2fd7ab35e27",
        "type": "github"
      },
      "original": {
        "owner": "nixos",
        "ref": "nixos-24.05",
        "repo": "nixpkgs",
        "type": "github"
      }
    },
    "nixpkgs_4": {
      "locked": {
        "lastModified": 1739206421,
        "narHash": "sha256-PwQASeL2cGVmrtQYlrBur0U20Xy07uSWVnFup2PHnDs=",
        "owner": "nixos",
        "repo": "nixpkgs",
        "rev": "44534bc021b85c8d78e465021e21f33b856e2540",
        "type": "github"
      },
      "original": {
        "owner": "nixos",
        "ref": "nixos-24.11",
        "repo": "nixpkgs",
        "type": "github"
      }
    },
    "nixpkgs_5": {
      "locked": {
        "lastModified": 1730768919,
        "narHash": "sha256-8AKquNnnSaJRXZxc5YmF/WfmxiHX6MMZZasRP6RRQkE=",
        "owner": "NixOS",
        "repo": "nixpkgs",
        "rev": "a04d33c0c3f1a59a2c1cb0c6e34cd24500e5a1dc",
        "type": "github"
      },
      "original": {
        "owner": "NixOS",
        "ref": "nixpkgs-unstable",
        "repo": "nixpkgs",
        "type": "github"
      }
    },
    "nixpkgs_6": {
      "locked": {
        "lastModified": 1739866667,
        "narHash": "sha256-EO1ygNKZlsAC9avfcwHkKGMsmipUk1Uc0TbrEZpkn64=",
        "owner": "nixos",
        "repo": "nixpkgs",
        "rev": "73cf49b8ad837ade2de76f87eb53fc85ed5d4680",
        "type": "github"
      },
      "original": {
        "owner": "nixos",
        "ref": "nixos-unstable",
        "repo": "nixpkgs",
        "type": "github"
      }
    },
    "permit2": {
      "flake": false,
      "locked": {
        "lastModified": 1696001773,
        "narHash": "sha256-sevmJhYn5/odTvS9si+KFw/R234KNaNfrnECdkVcL9w=",
        "owner": "uniswap",
        "repo": "permit2",
        "rev": "cc56ad0f3439c502c246fc5cfcc3db92bb8b7219",
        "type": "github"
      },
      "original": {
        "owner": "uniswap",
        "repo": "permit2",
        "type": "github"
      }
    },
    "permit2_2": {
      "flake": false,
      "locked": {
        "lastModified": 1696001773,
        "narHash": "sha256-sevmJhYn5/odTvS9si+KFw/R234KNaNfrnECdkVcL9w=",
        "owner": "uniswap",
        "repo": "permit2",
        "rev": "cc56ad0f3439c502c246fc5cfcc3db92bb8b7219",
        "type": "github"
      },
      "original": {
        "owner": "uniswap",
        "repo": "permit2",
        "type": "github"
      }
    },
    "pre-commit-hooks": {
      "inputs": {
        "flake-compat": "flake-compat",
        "gitignore": "gitignore",
        "nixpkgs": [
          "contracts",
          "nixpkgs"
        ]
      },
      "locked": {
        "lastModified": 1740915799,
        "narHash": "sha256-JvQvtaphZNmeeV+IpHgNdiNePsIpHD5U/7QN5AeY44A=",
        "owner": "cachix",
        "repo": "git-hooks.nix",
        "rev": "42b1ba089d2034d910566bf6b40830af6b8ec732",
        "type": "github"
      },
      "original": {
        "owner": "cachix",
        "repo": "git-hooks.nix",
        "type": "github"
      }
    },
    "pre-commit-hooks_2": {
      "inputs": {
        "flake-compat": "flake-compat_2",
        "gitignore": "gitignore_2",
        "nixpkgs": [
          "nixpkgs"
        ]
      },
      "locked": {
        "lastModified": 1740915799,
        "narHash": "sha256-JvQvtaphZNmeeV+IpHgNdiNePsIpHD5U/7QN5AeY44A=",
        "owner": "cachix",
        "repo": "git-hooks.nix",
        "rev": "42b1ba089d2034d910566bf6b40830af6b8ec732",
        "type": "github"
      },
      "original": {
        "owner": "cachix",
        "repo": "git-hooks.nix",
        "type": "github"
      }
    },
    "pre-commit-hooks_3": {
      "inputs": {
        "flake-compat": "flake-compat_3",
        "gitignore": "gitignore_3",
        "nixpkgs": "nixpkgs_5"
      },
      "locked": {
        "lastModified": 1737465171,
        "narHash": "sha256-R10v2hoJRLq8jcL4syVFag7nIGE7m13qO48wRIukWNg=",
        "owner": "cachix",
        "repo": "pre-commit-hooks.nix",
        "rev": "9364dc02281ce2d37a1f55b6e51f7c0f65a75f17",
        "type": "github"
      },
      "original": {
        "owner": "cachix",
        "repo": "pre-commit-hooks.nix",
        "type": "github"
      }
    },
    "process-compose-flake": {
      "locked": {
        "lastModified": 1740324671,
        "narHash": "sha256-djc+wRG9L70jlW95Ck4GKr7nTPp1drfsXshJkYZAd9s=",
        "owner": "Platonic-Systems",
        "repo": "process-compose-flake",
        "rev": "2a17e49b8a5d32278ed77e4a881f992472be18a1",
        "type": "github"
      },
      "original": {
        "owner": "Platonic-Systems",
        "repo": "process-compose-flake",
        "type": "github"
      }
    },
    "relay": {
      "inputs": {
        "contracts": "contracts_2",
        "flake-utils": "flake-utils_3",
        "nixpkgs": "nixpkgs_4",
        "pre-commit-hooks": "pre-commit-hooks_3",
        "schema": "schema"
      },
      "locked": {
        "lastModified": 1741093393,
        "narHash": "sha256-IKzu2C5sR+og0C3Kdud4u2j1HvrjIGWdDn0aIGjf/EE=",
        "ref": "network-v4",
        "rev": "b5d8a013c0be7f9d6b074d6c24205db8cc027f88",
        "revCount": 65,
        "type": "git",
        "url": "ssh://git@github.com/masslbs/relay.git"
      },
      "original": {
        "ref": "network-v4",
        "type": "git",
        "url": "ssh://git@github.com/masslbs/relay.git"
      }
    },
    "root": {
      "inputs": {
        "contracts": "contracts",
        "flake-parts": "flake-parts_2",
        "nixpkgs": "nixpkgs_2",
        "pre-commit-hooks": "pre-commit-hooks_2",
        "relay": "relay",
        "schema": "schema_2",
        "systems": "systems_5"
      }
    },
    "schema": {
      "flake": false,
      "locked": {
        "lastModified": 1739358324,
        "narHash": "sha256-oIsxIHpQYbn2hI1WneYMd702v2W26HUgj99waJpbV4M=",
        "owner": "masslbs",
        "repo": "network-schema",
        "rev": "e64f5b35644da55a6b17f6601bd176f62a9393a0",
        "type": "github"
      },
      "original": {
        "owner": "masslbs",
        "ref": "go-mod",
        "repo": "network-schema",
        "type": "github"
      }
    },
    "schema_2": {
      "inputs": {
        "bryce-mmrs-py": "bryce-mmrs-py",
        "gomod2nix": "gomod2nix",
        "nixpkgs": "nixpkgs_6",
        "utils": "utils"
      },
      "locked": {
        "lastModified": 1741348607,
        "narHash": "sha256-R7qfiNrbvlJyb0DrHhxZSnpppmHDdvLFj9gdAdh1op0=",
        "owner": "masslbs",
        "repo": "network-schema",
        "rev": "20fa0798a23a89b0b9af59c59d45cf567cc41339",
        "type": "github"
      },
      "original": {
        "owner": "masslbs",
        "ref": "cbor",
        "repo": "network-schema",
        "type": "github"
      }
    },
    "services-flake": {
      "locked": {
        "lastModified": 1740875886,
        "narHash": "sha256-jdY2BdRw6RDYCSuuM/P27Fe46Z5FsZ44AoTb6LAIueY=",
        "owner": "juspay",
        "repo": "services-flake",
        "rev": "c0860f08e38f858448eafbfd2641f45150de1485",
        "type": "github"
      },
      "original": {
        "owner": "juspay",
        "repo": "services-flake",
        "type": "github"
      }
    },
    "solady": {
      "flake": false,
      "locked": {
        "lastModified": 1731181752,
        "narHash": "sha256-rSkeAyDk3L0dA3wl6x9v7UBdC+3wK1IOBX563fKd8VI=",
        "owner": "Vectorized",
        "repo": "solady",
        "rev": "4c8be46dbc8d2d319cc6acf058a6aa79c0b78eb1",
        "type": "github"
      },
      "original": {
        "owner": "Vectorized",
        "repo": "solady",
        "type": "github"
      }
    },
    "solady_2": {
      "flake": false,
      "locked": {
        "lastModified": 1720982542,
        "narHash": "sha256-8Y11PfDsFeaTZWdKpRAtIZ+DB2bRkV4bQV7e7w5mCSY=",
        "owner": "Vectorized",
        "repo": "solady",
        "rev": "4ae4d01e7f6fb7d90473d019a539391cc1ec147d",
        "type": "github"
      },
      "original": {
        "owner": "Vectorized",
        "repo": "solady",
        "type": "github"
      }
    },
    "systems": {
      "locked": {
        "lastModified": 1681028828,
        "narHash": "sha256-Vy1rq5AaRuLzOxct8nz4T6wlgyUR7zLU309k9mBC768=",
        "owner": "nix-systems",
        "repo": "default",
        "rev": "da67096a3b9bf56a91d16901293e51ba5b49a27e",
        "type": "github"
      },
      "original": {
        "owner": "nix-systems",
        "repo": "default",
        "type": "github"
      }
    },
    "systems_2": {
      "locked": {
        "lastModified": 1681028828,
        "narHash": "sha256-Vy1rq5AaRuLzOxct8nz4T6wlgyUR7zLU309k9mBC768=",
        "owner": "nix-systems",
        "repo": "default",
        "rev": "da67096a3b9bf56a91d16901293e51ba5b49a27e",
        "type": "github"
      },
      "original": {
        "owner": "nix-systems",
        "repo": "default",
        "type": "github"
      }
    },
    "systems_3": {
      "locked": {
        "lastModified": 1681028828,
        "narHash": "sha256-Vy1rq5AaRuLzOxct8nz4T6wlgyUR7zLU309k9mBC768=",
        "owner": "nix-systems",
        "repo": "default",
        "rev": "da67096a3b9bf56a91d16901293e51ba5b49a27e",
        "type": "github"
      },
      "original": {
        "owner": "nix-systems",
        "repo": "default",
        "type": "github"
      }
    },
    "systems_4": {
      "locked": {
        "lastModified": 1681028828,
        "narHash": "sha256-Vy1rq5AaRuLzOxct8nz4T6wlgyUR7zLU309k9mBC768=",
        "owner": "nix-systems",
        "repo": "default",
        "rev": "da67096a3b9bf56a91d16901293e51ba5b49a27e",
        "type": "github"
      },
      "original": {
        "owner": "nix-systems",
        "repo": "default",
        "type": "github"
      }
    },
    "systems_5": {
      "locked": {
        "lastModified": 1681028828,
        "narHash": "sha256-Vy1rq5AaRuLzOxct8nz4T6wlgyUR7zLU309k9mBC768=",
        "owner": "nix-systems",
        "repo": "default",
        "rev": "da67096a3b9bf56a91d16901293e51ba5b49a27e",
        "type": "github"
      },
      "original": {
        "owner": "nix-systems",
        "repo": "default",
        "type": "github"
      }
    },
    "utils": {
      "inputs": {
        "systems": "systems_4"
      },
      "locked": {
        "lastModified": 1731533236,
        "narHash": "sha256-l0KFg5HjrsfsO/JpG+r7fRrqm12kzFHyUHqHCVpMMbI=",
        "owner": "numtide",
        "repo": "flake-utils",
        "rev": "11707dc2f618dd54ca8739b309ec4fc024de578b",
        "type": "github"
      },
      "original": {
        "owner": "numtide",
        "repo": "flake-utils",
        "type": "github"
      }
    }
  },
  "root": "root",
  "version": 7
}
